
Microsoft Visual Studio Solution File, Format Version 12.00
# Visual Studio 15
VisualStudioVersion = 15.0.26124.0
MinimumVisualStudioVersion = 15.0.26124.0
Project("{FAE04EC0-301F-11D3-BF4B-00C04F79EFBC}") = "ErpNet.FP.Core", "ErpNet.FP.Core\ErpNet.FP.Core.csproj", "{33D19BCA-541E-4B4C-B1F5-0060721AB861}"
EndProject
Project("{FAE04EC0-301F-11D3-BF4B-00C04F79EFBC}") = "ErpNet.FP.Daisy", "ErpNet.FP.Daisy\ErpNet.FP.Daisy.csproj", "{24CCF7D6-828B-4811-893B-4660405499D9}"
EndProject
Project("{FAE04EC0-301F-11D3-BF4B-00C04F79EFBC}") = "ErpNet.FP.Eltrade", "ErpNet.FP.Eltrade\ErpNet.FP.Eltrade.csproj", "{785496BE-7E74-4CC3-B2BE-B2E353452735}"
EndProject
Project("{FAE04EC0-301F-11D3-BF4B-00C04F79EFBC}") = "ErpNet.FP.PrintServer", "ErpNet.FP.PrintServer\ErpNet.FP.PrintServer.csproj", "{686BA380-2032-4452-A58E-0E27060BFABB}"
EndProject
Project("{FAE04EC0-301F-11D3-BF4B-00C04F79EFBC}") = "ErpNet.FP.Tremol", "ErpNet.FP.Tremol\ErpNet.FP.Tremol.csproj", "{36BA4E62-F306-4DB0-906D-E6D3A2F39F41}"
EndProject
Global
	GlobalSection(SolutionConfigurationPlatforms) = preSolution
		Debug|Any CPU = Debug|Any CPU
		Debug|x64 = Debug|x64
		Debug|x86 = Debug|x86
		Release|Any CPU = Release|Any CPU
		Release|x64 = Release|x64
		Release|x86 = Release|x86
	EndGlobalSection
	GlobalSection(SolutionProperties) = preSolution
		HideSolutionNode = FALSE
	EndGlobalSection
	GlobalSection(ProjectConfigurationPlatforms) = postSolution
		{33D19BCA-541E-4B4C-B1F5-0060721AB861}.Debug|Any CPU.ActiveCfg = Debug|Any CPU
		{33D19BCA-541E-4B4C-B1F5-0060721AB861}.Debug|Any CPU.Build.0 = Debug|Any CPU
		{33D19BCA-541E-4B4C-B1F5-0060721AB861}.Debug|x64.ActiveCfg = Debug|Any CPU
		{33D19BCA-541E-4B4C-B1F5-0060721AB861}.Debug|x64.Build.0 = Debug|Any CPU
		{33D19BCA-541E-4B4C-B1F5-0060721AB861}.Debug|x86.ActiveCfg = Debug|Any CPU
		{33D19BCA-541E-4B4C-B1F5-0060721AB861}.Debug|x86.Build.0 = Debug|Any CPU
		{33D19BCA-541E-4B4C-B1F5-0060721AB861}.Release|Any CPU.ActiveCfg = Release|Any CPU
		{33D19BCA-541E-4B4C-B1F5-0060721AB861}.Release|Any CPU.Build.0 = Release|Any CPU
		{33D19BCA-541E-4B4C-B1F5-0060721AB861}.Release|x64.ActiveCfg = Release|Any CPU
		{33D19BCA-541E-4B4C-B1F5-0060721AB861}.Release|x64.Build.0 = Release|Any CPU
		{33D19BCA-541E-4B4C-B1F5-0060721AB861}.Release|x86.ActiveCfg = Release|Any CPU
		{33D19BCA-541E-4B4C-B1F5-0060721AB861}.Release|x86.Build.0 = Release|Any CPU
		{24CCF7D6-828B-4811-893B-4660405499D9}.Debug|Any CPU.ActiveCfg = Debug|Any CPU
		{24CCF7D6-828B-4811-893B-4660405499D9}.Debug|Any CPU.Build.0 = Debug|Any CPU
		{24CCF7D6-828B-4811-893B-4660405499D9}.Debug|x64.ActiveCfg = Debug|Any CPU
		{24CCF7D6-828B-4811-893B-4660405499D9}.Debug|x64.Build.0 = Debug|Any CPU
		{24CCF7D6-828B-4811-893B-4660405499D9}.Debug|x86.ActiveCfg = Debug|Any CPU
		{24CCF7D6-828B-4811-893B-4660405499D9}.Debug|x86.Build.0 = Debug|Any CPU
		{24CCF7D6-828B-4811-893B-4660405499D9}.Release|Any CPU.ActiveCfg = Release|Any CPU
		{24CCF7D6-828B-4811-893B-4660405499D9}.Release|Any CPU.Build.0 = Release|Any CPU
		{24CCF7D6-828B-4811-893B-4660405499D9}.Release|x64.ActiveCfg = Release|Any CPU
		{24CCF7D6-828B-4811-893B-4660405499D9}.Release|x64.Build.0 = Release|Any CPU
		{24CCF7D6-828B-4811-893B-4660405499D9}.Release|x86.ActiveCfg = Release|Any CPU
		{24CCF7D6-828B-4811-893B-4660405499D9}.Release|x86.Build.0 = Release|Any CPU
		{785496BE-7E74-4CC3-B2BE-B2E353452735}.Debug|Any CPU.ActiveCfg = Debug|Any CPU
		{785496BE-7E74-4CC3-B2BE-B2E353452735}.Debug|Any CPU.Build.0 = Debug|Any CPU
		{785496BE-7E74-4CC3-B2BE-B2E353452735}.Debug|x64.ActiveCfg = Debug|Any CPU
		{785496BE-7E74-4CC3-B2BE-B2E353452735}.Debug|x64.Build.0 = Debug|Any CPU
		{785496BE-7E74-4CC3-B2BE-B2E353452735}.Debug|x86.ActiveCfg = Debug|Any CPU
		{785496BE-7E74-4CC3-B2BE-B2E353452735}.Debug|x86.Build.0 = Debug|Any CPU
		{785496BE-7E74-4CC3-B2BE-B2E353452735}.Release|Any CPU.ActiveCfg = Release|Any CPU
		{785496BE-7E74-4CC3-B2BE-B2E353452735}.Release|Any CPU.Build.0 = Release|Any CPU
		{785496BE-7E74-4CC3-B2BE-B2E353452735}.Release|x64.ActiveCfg = Release|Any CPU
		{785496BE-7E74-4CC3-B2BE-B2E353452735}.Release|x64.Build.0 = Release|Any CPU
		{785496BE-7E74-4CC3-B2BE-B2E353452735}.Release|x86.ActiveCfg = Release|Any CPU
		{785496BE-7E74-4CC3-B2BE-B2E353452735}.Release|x86.Build.0 = Release|Any CPU
		{686BA380-2032-4452-A58E-0E27060BFABB}.Debug|Any CPU.ActiveCfg = Debug|Any CPU
		{686BA380-2032-4452-A58E-0E27060BFABB}.Debug|Any CPU.Build.0 = Debug|Any CPU
		{686BA380-2032-4452-A58E-0E27060BFABB}.Debug|x64.ActiveCfg = Debug|Any CPU
		{686BA380-2032-4452-A58E-0E27060BFABB}.Debug|x64.Build.0 = Debug|Any CPU
		{686BA380-2032-4452-A58E-0E27060BFABB}.Debug|x86.ActiveCfg = Debug|Any CPU
		{686BA380-2032-4452-A58E-0E27060BFABB}.Debug|x86.Build.0 = Debug|Any CPU
		{686BA380-2032-4452-A58E-0E27060BFABB}.Release|Any CPU.ActiveCfg = Release|Any CPU
		{686BA380-2032-4452-A58E-0E27060BFABB}.Release|Any CPU.Build.0 = Release|Any CPU
		{686BA380-2032-4452-A58E-0E27060BFABB}.Release|x64.ActiveCfg = Release|Any CPU
		{686BA380-2032-4452-A58E-0E27060BFABB}.Release|x64.Build.0 = Release|Any CPU
		{686BA380-2032-4452-A58E-0E27060BFABB}.Release|x86.ActiveCfg = Release|Any CPU
		{686BA380-2032-4452-A58E-0E27060BFABB}.Release|x86.Build.0 = Release|Any CPU
		{36BA4E62-F306-4DB0-906D-E6D3A2F39F41}.Debug|Any CPU.ActiveCfg = Debug|Any CPU
		{36BA4E62-F306-4DB0-906D-E6D3A2F39F41}.Debug|Any CPU.Build.0 = Debug|Any CPU
		{36BA4E62-F306-4DB0-906D-E6D3A2F39F41}.Debug|x64.ActiveCfg = Debug|Any CPU
		{36BA4E62-F306-4DB0-906D-E6D3A2F39F41}.Debug|x64.Build.0 = Debug|Any CPU
		{36BA4E62-F306-4DB0-906D-E6D3A2F39F41}.Debug|x86.ActiveCfg = Debug|Any CPU
		{36BA4E62-F306-4DB0-906D-E6D3A2F39F41}.Debug|x86.Build.0 = Debug|Any CPU
		{36BA4E62-F306-4DB0-906D-E6D3A2F39F41}.Release|Any CPU.ActiveCfg = Release|Any CPU
		{36BA4E62-F306-4DB0-906D-E6D3A2F39F41}.Release|Any CPU.Build.0 = Release|Any CPU
		{36BA4E62-F306-4DB0-906D-E6D3A2F39F41}.Release|x64.ActiveCfg = Release|Any CPU
		{36BA4E62-F306-4DB0-906D-E6D3A2F39F41}.Release|x64.Build.0 = Release|Any CPU
		{36BA4E62-F306-4DB0-906D-E6D3A2F39F41}.Release|x86.ActiveCfg = Release|Any CPU
		{36BA4E62-F306-4DB0-906D-E6D3A2F39F41}.Release|x86.Build.0 = Release|Any CPU
	EndGlobalSection
EndGlobal
